
Microsoft Visual Studio Solution File, Format Version 12.00
# Visual Studio Version 17
VisualStudioVersion = 17.5.33530.505
MinimumVisualStudioVersion = 10.0.40219.1
Project("{FAE04EC0-301F-11D3-BF4B-00C04F79EFBC}") = "BookmarkManager", "BookmarkManager\BookmarkManager.csproj", "{439CDF3C-E09D-453E-B932-043574FFDB00}"
EndProject
Global
	GlobalSection(SolutionConfigurationPlatforms) = preSolution
		Debug|Any CPU = Debug|Any CPU
		Release|Any CPU = Release|Any CPU
	EndGlobalSection
	GlobalSection(ProjectConfigurationPlatforms) = postSolution
		{439CDF3C-E09D-453E-B932-043574FFDB00}.Debug|Any CPU.ActiveCfg = Debug|Any CPU
		{439CDF3C-E09D-453E-B932-043574FFDB00}.Debug|Any CPU.Build.0 = Debug|Any CPU
		{439CDF3C-E09D-453E-B932-043574FFDB00}.Release|Any CPU.ActiveCfg = Release|Any CPU
		{439CDF3C-E09D-453E-B932-043574FFDB00}.Release|Any CPU.Build.0 = Release|Any CPU
	EndGlobalSection
	GlobalSection(SolutionProperties) = preSolution
		HideSolutionNode = FALSE
	EndGlobalSection
	GlobalSection(ExtensibilityGlobals) = postSolution
		SolutionGuid = {3EC655AB-20DF-4C66-81CA-DCD5B726555E}
	EndGlobalSection
EndGlobal
